// !$*UTF8*$!
{
	archiveVersion = 1;
	classes = {
	};
	objectVersion = 46;
	objects = {

/* Begin PBXBuildFile section */
		E96C8FF01C537FD400323831 /* main.m in Sources */ = {isa = PBXBuildFile; fileRef = E96C8FEF1C537FD400323831 /* main.m */; };
		E96C8FF31C537FD400323831 /* AppDelegate.m in Sources */ = {isa = PBXBuildFile; fileRef = E96C8FF21C537FD400323831 /* AppDelegate.m */; };
		E96C8FF61C537FD400323831 /* ViewController.m in Sources */ = {isa = PBXBuildFile; fileRef = E96C8FF51C537FD400323831 /* ViewController.m */; };
		E96C8FF91C537FD400323831 /* Main.storyboard in Resources */ = {isa = PBXBuildFile; fileRef = E96C8FF71C537FD400323831 /* Main.storyboard */; };
		E96C8FFB1C537FD400323831 /* Assets.xcassets in Resources */ = {isa = PBXBuildFile; fileRef = E96C8FFA1C537FD400323831 /* Assets.xcassets */; };
		E96C8FFE1C537FD400323831 /* LaunchScreen.storyboard in Resources */ = {isa = PBXBuildFile; fileRef = E96C8FFC1C537FD400323831 /* LaunchScreen.storyboard */; };
		E96C90091C537FD400323831 /* ___qqTests.m in Sources */ = {isa = PBXBuildFile; fileRef = E96C90081C537FD400323831 /* ___qqTests.m */; };
		E96C90141C537FD400323831 /* ___qqUITests.m in Sources */ = {isa = PBXBuildFile; fileRef = E96C90131C537FD400323831 /* ___qqUITests.m */; };
/* End PBXBuildFile section */

/* Begin PBXContainerItemProxy section */
		E96C90051C537FD400323831 /* PBXContainerItemProxy */ = {
			isa = PBXContainerItemProxy;
			containerPortal = E96C8FE31C537FD300323831 /* Project object */;
			proxyType = 1;
			remoteGlobalIDString = E96C8FEA1C537FD300323831;
			remoteInfo = "上滑 qq";
		};
		E96C90101C537FD400323831 /* PBXContainerItemProxy */ = {
			isa = PBXContainerItemProxy;
			containerPortal = E96C8FE31C537FD300323831 /* Project object */;
			proxyType = 1;
			remoteGlobalIDString = E96C8FEA1C537FD300323831;
			remoteInfo = "上滑 qq";
		};
/* End PBXContainerItemProxy section */

/* Begin PBXFileReference section */
		E96C8FEB1C537FD300323831 /* 上滑 qq.app */ = {isa = PBXFileReference; explicitFileType = wrapper.application; includeInIndex = 0; path = "上滑 qq.app"; sourceTree = BUILT_PRODUCTS_DIR; };
		E96C8FEF1C537FD400323831 /* main.m */ = {isa = PBXFileReference; lastKnownFileType = sourcecode.c.objc; path = main.m; sourceTree = "<group>"; };
		E96C8FF11C537FD400323831 /* AppDelegate.h */ = {isa = PBXFileReference; lastKnownFileType = sourcecode.c.h; path = AppDelegate.h; sourceTree = "<group>"; };
		E96C8FF21C537FD400323831 /* AppDelegate.m */ = {isa = PBXFileReference; lastKnownFileType = sourcecode.c.objc; path = AppDelegate.m; sourceTree = "<group>"; };
		E96C8FF41C537FD400323831 /* ViewController.h */ = {isa = PBXFileReference; lastKnownFileType = sourcecode.c.h; path = ViewController.h; sourceTree = "<group>"; };
		E96C8FF51C537FD400323831 /* ViewController.m */ = {isa = PBXFileReference; lastKnownFileType = sourcecode.c.objc; path = ViewController.m; sourceTree = "<group>"; };
		E96C8FF81C537FD400323831 /* Base */ = {isa = PBXFileReference; lastKnownFileType = file.storyboard; name = Base; path = Base.lproj/Main.storyboard; sourceTree = "<group>"; };
		E96C8FFA1C537FD400323831 /* Assets.xcassets */ = {isa = PBXFileReference; lastKnownFileType = folder.assetcatalog; path = Assets.xcassets; sourceTree = "<group>"; };
		E96C8FFD1C537FD400323831 /* Base */ = {isa = PBXFileReference; lastKnownFileType = file.storyboard; name = Base; path = Base.lproj/LaunchScreen.storyboard; sourceTree = "<group>"; };
		E96C8FFF1C537FD400323831 /* Info.plist */ = {isa = PBXFileReference; lastKnownFileType = text.plist.xml; path = Info.plist; sourceTree = "<group>"; };
		E96C90041C537FD400323831 /* 上滑 qqTests.xctest */ = {isa = PBXFileReference; explicitFileType = wrapper.cfbundle; includeInIndex = 0; path = "上滑 qqTests.xctest"; sourceTree = BUILT_PRODUCTS_DIR; };
		E96C90081C537FD400323831 /* ___qqTests.m */ = {isa = PBXFileReference; lastKnownFileType = sourcecode.c.objc; path = "___qqTests.m"; sourceTree = "<group>"; };
		E96C900A1C537FD400323831 /* Info.plist */ = {isa = PBXFileReference; lastKnownFileType = text.plist.xml; path = Info.plist; sourceTree = "<group>"; };
		E96C900F1C537FD400323831 /* 上滑 qqUITests.xctest */ = {isa = PBXFileReference; explicitFileType = wrapper.cfbundle; includeInIndex = 0; path = "上滑 qqUITests.xctest"; sourceTree = BUILT_PRODUCTS_DIR; };
		E96C90131C537FD400323831 /* ___qqUITests.m */ = {isa = PBXFileReference; lastKnownFileType = sourcecode.c.objc; path = "___qqUITests.m"; sourceTree = "<group>"; };
		E96C90151C537FD400323831 /* Info.plist */ = {isa = PBXFileReference; lastKnownFileType = text.plist.xml; path = Info.plist; sourceTree = "<group>"; };
/* End PBXFileReference section */

/* Begin PBXFrameworksBuildPhase section */
		E96C8FE81C537FD300323831 /* Frameworks */ = {
			isa = PBXFrameworksBuildPhase;
			buildActionMask = 2147483647;
			files = (
			);
			runOnlyForDeploymentPostprocessing = 0;
		};
		E96C90011C537FD400323831 /* Frameworks */ = {
			isa = PBXFrameworksBuildPhase;
			buildActionMask = 2147483647;
			files = (
			);
			runOnlyForDeploymentPostprocessing = 0;
		};
		E96C900C1C537FD400323831 /* Frameworks */ = {
			isa = PBXFrameworksBuildPhase;
			buildActionMask = 2147483647;
			files = (
			);
			runOnlyForDeploymentPostprocessing = 0;
		};
/* End PBXFrameworksBuildPhase section */

/* Begin PBXGroup section */
		E96C8FE21C537FD300323831 = {
			isa = PBXGroup;
			children = (
				E96C8FED1C537FD400323831 /* 上滑 qq */,
				E96C90071C537FD400323831 /* 上滑 qqTests */,
				E96C90121C537FD400323831 /* 上滑 qqUITests */,
				E96C8FEC1C537FD300323831 /* Products */,
			);
			sourceTree = "<group>";
		};
		E96C8FEC1C537FD300323831 /* Products */ = {
			isa = PBXGroup;
			children = (
				E96C8FEB1C537FD300323831 /* 上滑 qq.app */,
				E96C90041C537FD400323831 /* 上滑 qqTests.xctest */,
				E96C900F1C537FD400323831 /* 上滑 qqUITests.xctest */,
			);
			name = Products;
			sourceTree = "<group>";
		};
		E96C8FED1C537FD400323831 /* 上滑 qq */ = {
			isa = PBXGroup;
			children = (
				E96C8FF11C537FD400323831 /* AppDelegate.h */,
				E96C8FF21C537FD400323831 /* AppDelegate.m */,
				E96C8FF41C537FD400323831 /* ViewController.h */,
				E96C8FF51C537FD400323831 /* ViewController.m */,
				E96C8FF71C537FD400323831 /* Main.storyboard */,
				E96C8FFA1C537FD400323831 /* Assets.xcassets */,
				E96C8FFC1C537FD400323831 /* LaunchScreen.storyboard */,
				E96C8FFF1C537FD400323831 /* Info.plist */,
				E96C8FEE1C537FD400323831 /* Supporting Files */,
			);
			path = "上滑 qq";
			sourceTree = "<group>";
		};
		E96C8FEE1C537FD400323831 /* Supporting Files */ = {
			isa = PBXGroup;
			children = (
				E96C8FEF1C537FD400323831 /* main.m */,
			);
			name = "Supporting Files";
			sourceTree = "<group>";
		};
		E96C90071C537FD400323831 /* 上滑 qqTests */ = {
			isa = PBXGroup;
			children = (
				E96C90081C537FD400323831 /* ___qqTests.m */,
				E96C900A1C537FD400323831 /* Info.plist */,
			);
			path = "上滑 qqTests";
			sourceTree = "<group>";
		};
		E96C90121C537FD400323831 /* 上滑 qqUITests */ = {
			isa = PBXGroup;
			children = (
				E96C90131C537FD400323831 /* ___qqUITests.m */,
				E96C90151C537FD400323831 /* Info.plist */,
			);
			path = "上滑 qqUITests";
			sourceTree = "<group>";
		};
/* End PBXGroup section */

/* Begin PBXNativeTarget section */
		E96C8FEA1C537FD300323831 /* 上滑 qq */ = {
			isa = PBXNativeTarget;
			buildConfigurationList = E96C90181C537FD400323831 /* Build configuration list for PBXNativeTarget "上滑 qq" */;
			buildPhases = (
				E96C8FE71C537FD300323831 /* Sources */,
				E96C8FE81C537FD300323831 /* Frameworks */,
				E96C8FE91C537FD300323831 /* Resources */,
			);
			buildRules = (
			);
			dependencies = (
			);
			name = "上滑 qq";
			productName = "上滑 qq";
			productReference = E96C8FEB1C537FD300323831 /* 上滑 qq.app */;
			productType = "com.apple.product-type.application";
		};
		E96C90031C537FD400323831 /* 上滑 qqTests */ = {
			isa = PBXNativeTarget;
			buildConfigurationList = E96C901B1C537FD400323831 /* Build configuration list for PBXNativeTarget "上滑 qqTests" */;
			buildPhases = (
				E96C90001C537FD400323831 /* Sources */,
				E96C90011C537FD400323831 /* Frameworks */,
				E96C90021C537FD400323831 /* Resources */,
			);
			buildRules = (
			);
			dependencies = (
				E96C90061C537FD400323831 /* PBXTargetDependency */,
			);
			name = "上滑 qqTests";
			productName = "上滑 qqTests";
			productReference = E96C90041C537FD400323831 /* 上滑 qqTests.xctest */;
			productType = "com.apple.product-type.bundle.unit-test";
		};
		E96C900E1C537FD400323831 /* 上滑 qqUITests */ = {
			isa = PBXNativeTarget;
			buildConfigurationList = E96C901E1C537FD400323831 /* Build configuration list for PBXNativeTarget "上滑 qqUITests" */;
			buildPhases = (
				E96C900B1C537FD400323831 /* Sources */,
				E96C900C1C537FD400323831 /* Frameworks */,
				E96C900D1C537FD400323831 /* Resources */,
			);
			buildRules = (
			);
			dependencies = (
				E96C90111C537FD400323831 /* PBXTargetDependency */,
			);
			name = "上滑 qqUITests";
			productName = "上滑 qqUITests";
			productReference = E96C900F1C537FD400323831 /* 上滑 qqUITests.xctest */;
			productType = "com.apple.product-type.bundle.ui-testing";
		};
/* End PBXNativeTarget section */

/* Begin PBXProject section */
		E96C8FE31C537FD300323831 /* Project object */ = {
			isa = PBXProject;
			attributes = {
				LastUpgradeCheck = 0720;
				ORGANIZATIONNAME = lx;
				TargetAttributes = {
					E96C8FEA1C537FD300323831 = {
						CreatedOnToolsVersion = 7.2;
					};
					E96C90031C537FD400323831 = {
						CreatedOnToolsVersion = 7.2;
						TestTargetID = E96C8FEA1C537FD300323831;
					};
					E96C900E1C537FD400323831 = {
						CreatedOnToolsVersion = 7.2;
						TestTargetID = E96C8FEA1C537FD300323831;
					};
				};
			};
			buildConfigurationList = E96C8FE61C537FD300323831 /* Build configuration list for PBXProject "上滑 qq" */;
			compatibilityVersion = "Xcode 3.2";
			developmentRegion = English;
			hasScannedForEncodings = 0;
			knownRegions = (
				en,
				Base,
			);
			mainGroup = E96C8FE21C537FD300323831;
			productRefGroup = E96C8FEC1C537FD300323831 /* Products */;
			projectDirPath = "";
			projectRoot = "";
			targets = (
				E96C8FEA1C537FD300323831 /* 上滑 qq */,
				E96C90031C537FD400323831 /* 上滑 qqTests */,
				E96C900E1C537FD400323831 /* 上滑 qqUITests */,
			);
		};
/* End PBXProject section */

/* Begin PBXResourcesBuildPhase section */
		E96C8FE91C537FD300323831 /* Resources */ = {
			isa = PBXResourcesBuildPhase;
			buildActionMask = 2147483647;
			files = (
				E96C8FFE1C537FD400323831 /* LaunchScreen.storyboard in Resources */,
				E96C8FFB1C537FD400323831 /* Assets.xcassets in Resources */,
				E96C8FF91C537FD400323831 /* Main.storyboard in Resources */,
			);
			runOnlyForDeploymentPostprocessing = 0;
		};
		E96C90021C537FD400323831 /* Resources */ = {
			isa = PBXResourcesBuildPhase;
			buildActionMask = 2147483647;
			files = (
			);
			runOnlyForDeploymentPostprocessing = 0;
		};
		E96C900D1C537FD400323831 /* Resources */ = {
			isa = PBXResourcesBuildPhase;
			buildActionMask = 2147483647;
			files = (
			);
			runOnlyForDeploymentPostprocessing = 0;
		};
/* End PBXResourcesBuildPhase section */

/* Begin PBXSourcesBuildPhase section */
		E96C8FE71C537FD300323831 /* Sources */ = {
			isa = PBXSourcesBuildPhase;
			buildActionMask = 2147483647;
			files = (
				E96C8FF61C537FD400323831 /* ViewController.m in Sources */,
				E96C8FF31C537FD400323831 /* AppDelegate.m in Sources */,
				E96C8FF01C537FD400323831 /* main.m in Sources */,
			);
			runOnlyForDeploymentPostprocessing = 0;
		};
		E96C90001C537FD400323831 /* Sources */ = {
			isa = PBXSourcesBuildPhase;
			buildActionMask = 2147483647;
			files = (
				E96C90091C537FD400323831 /* ___qqTests.m in Sources */,
			);
			runOnlyForDeploymentPostprocessing = 0;
		};
		E96C900B1C537FD400323831 /* Sources */ = {
			isa = PBXSourcesBuildPhase;
			buildActionMask = 2147483647;
			files = (
				E96C90141C537FD400323831 /* ___qqUITests.m in Sources */,
			);
			runOnlyForDeploymentPostprocessing = 0;
		};
/* End PBXSourcesBuildPhase section */

/* Begin PBXTargetDependency section */
		E96C90061C537FD400323831 /* PBXTargetDependency */ = {
			isa = PBXTargetDependency;
			target = E96C8FEA1C537FD300323831 /* 上滑 qq */;
			targetProxy = E96C90051C537FD400323831 /* PBXContainerItemProxy */;
		};
		E96C90111C537FD400323831 /* PBXTargetDependency */ = {
			isa = PBXTargetDependency;
			target = E96C8FEA1C537FD300323831 /* 上滑 qq */;
			targetProxy = E96C90101C537FD400323831 /* PBXContainerItemProxy */;
		};
/* End PBXTargetDependency section */

/* Begin PBXVariantGroup section */
		E96C8FF71C537FD400323831 /* Main.storyboard */ = {
			isa = PBXVariantGroup;
			children = (
				E96C8FF81C537FD400323831 /* Base */,
			);
			name = Main.storyboard;
			sourceTree = "<group>";
		};
		E96C8FFC1C537FD400323831 /* LaunchScreen.storyboard */ = {
			isa = PBXVariantGroup;
			children = (
				E96C8FFD1C537FD400323831 /* Base */,
			);
			name = LaunchScreen.storyboard;
			sourceTree = "<group>";
		};
/* End PBXVariantGroup section */

/* Begin XCBuildConfiguration section */
		E96C90161C537FD400323831 /* Debug */ = {
			isa = XCBuildConfiguration;
			buildSettings = {
				ALWAYS_SEARCH_USER_PATHS = NO;
				CLANG_CXX_LANGUAGE_STANDARD = "gnu++0x";
				CLANG_CXX_LIBRARY = "libc++";
				CLANG_ENABLE_MODULES = YES;
				CLANG_ENABLE_OBJC_ARC = YES;
				CLANG_WARN_BOOL_CONVERSION = YES;
				CLANG_WARN_CONSTANT_CONVERSION = YES;
				CLANG_WARN_DIRECT_OBJC_ISA_USAGE = YES_ERROR;
				CLANG_WARN_EMPTY_BODY = YES;
				CLANG_WARN_ENUM_CONVERSION = YES;
				CLANG_WARN_INT_CONVERSION = YES;
				CLANG_WARN_OBJC_ROOT_CLASS = YES_ERROR;
				CLANG_WARN_UNREACHABLE_CODE = YES;
				CLANG_WARN__DUPLICATE_METHOD_MATCH = YES;
				"CODE_SIGN_IDENTITY[sdk=iphoneos*]" = "iPhone Developer";
				COPY_PHASE_STRIP = NO;
				DEBUG_INFORMATION_FORMAT = dwarf;
				ENABLE_STRICT_OBJC_MSGSEND = YES;
				ENABLE_TESTABILITY = YES;
				GCC_C_LANGUAGE_STANDARD = gnu99;
				GCC_DYNAMIC_NO_PIC = NO;
				GCC_NO_COMMON_BLOCKS = YES;
				GCC_OPTIMIZATION_LEVEL = 0;
				GCC_PREPROCESSOR_DEFINITIONS = (
					"DEBUG=1",
					"$(inherited)",
				);
				GCC_WARN_64_TO_32_BIT_CONVERSION = YES;
				GCC_WARN_ABOUT_RETURN_TYPE = YES_ERROR;
				GCC_WARN_UNDECLARED_SELECTOR = YES;
				GCC_WARN_UNINITIALIZED_AUTOS = YES_AGGRESSIVE;
				GCC_WARN_UNUSED_FUNCTION = YES;
				GCC_WARN_UNUSED_VARIABLE = YES;
				IPHONEOS_DEPLOYMENT_TARGET = 9.2;
				MTL_ENABLE_DEBUG_INFO = YES;
				ONLY_ACTIVE_ARCH = YES;
				SDKROOT = iphoneos;
				TARGETED_DEVICE_FAMILY = "1,2";
			};
			name = Debug;
		};
		E96C90171C537FD400323831 /* Release */ = {
			isa = XCBuildConfiguration;
			buildSettings = {
				ALWAYS_SEARCH_USER_PATHS = NO;
				CLANG_CXX_LANGUAGE_STANDARD = "gnu++0x";
				CLANG_CXX_LIBRARY = "libc++";
				CLANG_ENABLE_MODULES = YES;
				CLANG_ENABLE_OBJC_ARC = YES;
				CLANG_WARN_BOOL_CONVERSION = YES;
				CLANG_WARN_CONSTANT_CONVERSION = YES;
				CLANG_WARN_DIRECT_OBJC_ISA_USAGE = YES_ERROR;
				CLANG_WARN_EMPTY_BODY = YES;
				CLANG_WARN_ENUM_CONVERSION = YES;
				CLANG_WARN_INT_CONVERSION = YES;
				CLANG_WARN_OBJC_ROOT_CLASS = YES_ERROR;
				CLANG_WARN_UNREACHABLE_CODE = YES;
				CLANG_WARN__DUPLICATE_METHOD_MATCH = YES;
				"CODE_SIGN_IDENTITY[sdk=iphoneos*]" = "iPhone Developer";
				COPY_PHASE_STRIP = NO;
				DEBUG_INFORMATION_FORMAT = "dwarf-with-dsym";
				ENABLE_NS_ASSERTIONS = NO;
				ENABLE_STRICT_OBJC_MSGSEND = YES;
				GCC_C_LANGUAGE_STANDARD = gnu99;
				GCC_NO_COMMON_BLOCKS = YES;
				GCC_WARN_64_TO_32_BIT_CONVERSION = YES;
				GCC_WARN_ABOUT_RETURN_TYPE = YES_ERROR;
				GCC_WARN_UNDECLARED_SELECTOR = YES;
				GCC_WARN_UNINITIALIZED_AUTOS = YES_AGGRESSIVE;
				GCC_WARN_UNUSED_FUNCTION = YES;
				GCC_WARN_UNUSED_VARIABLE = YES;
				IPHONEOS_DEPLOYMENT_TARGET = 9.2;
				MTL_ENABLE_DEBUG_INFO = NO;
				SDKROOT = iphoneos;
				TARGETED_DEVICE_FAMILY = "1,2";
				VALIDATE_PRODUCT = YES;
			};
			name = Release;
		};
		E96C90191C537FD400323831 /* Debug */ = {
			isa = XCBuildConfiguration;
			buildSettings = {
				ASSETCATALOG_COMPILER_APPICON_NAME = AppIcon;
				INFOPLIST_FILE = "上滑 qq/Info.plist";
				LD_RUNPATH_SEARCH_PATHS = "$(inherited) @executable_path/Frameworks";
				PRODUCT_BUNDLE_IDENTIFIER = "beiwoIT.---qq";
				PRODUCT_NAME = "$(TARGET_NAME)";
			};
			name = Debug;
		};
		E96C901A1C537FD400323831 /* Release */ = {
			isa = XCBuildConfiguration;
			buildSettings = {
				ASSETCATALOG_COMPILER_APPICON_NAME = AppIcon;
				INFOPLIST_FILE = "上滑 qq/Info.plist";
				LD_RUNPATH_SEARCH_PATHS = "$(inherited) @executable_path/Frameworks";
				PRODUCT_BUNDLE_IDENTIFIER = "beiwoIT.---qq";
				PRODUCT_NAME = "$(TARGET_NAME)";
			};
			name = Release;
		};
		E96C901C1C537FD400323831 /* Debug */ = {
			isa = XCBuildConfiguration;
			buildSettings = {
				BUNDLE_LOADER = "$(TEST_HOST)";
				INFOPLIST_FILE = "上滑 qqTests/Info.plist";
				LD_RUNPATH_SEARCH_PATHS = "$(inherited) @executable_path/Frameworks @loader_path/Frameworks";
				PRODUCT_BUNDLE_IDENTIFIER = "beiwoIT.---qqTests";
				PRODUCT_NAME = "$(TARGET_NAME)";
				TEST_HOST = "$(BUILT_PRODUCTS_DIR)/上滑 qq.app/上滑 qq";
			};
			name = Debug;
		};
		E96C901D1C537FD400323831 /* Release */ = {
			isa = XCBuildConfiguration;
			buildSettings = {
				BUNDLE_LOADER = "$(TEST_HOST)";
				INFOPLIST_FILE = "上滑 qqTests/Info.plist";
				LD_RUNPATH_SEARCH_PATHS = "$(inherited) @executable_path/Frameworks @loader_path/Frameworks";
				PRODUCT_BUNDLE_IDENTIFIER = "beiwoIT.---qqTests";
				PRODUCT_NAME = "$(TARGET_NAME)";
				TEST_HOST = "$(BUILT_PRODUCTS_DIR)/上滑 qq.app/上滑 qq";
			};
			name = Release;
		};
		E96C901F1C537FD400323831 /* Debug */ = {
			isa = XCBuildConfiguration;
			buildSettings = {
				INFOPLIST_FILE = "上滑 qqUITests/Info.plist";
				LD_RUNPATH_SEARCH_PATHS = "$(inherited) @executable_path/Frameworks @loader_path/Frameworks";
				PRODUCT_BUNDLE_IDENTIFIER = "beiwoIT.---qqUITests";
				PRODUCT_NAME = "$(TARGET_NAME)";
				TEST_TARGET_NAME = "上滑 qq";
				USES_XCTRUNNER = YES;
			};
			name = Debug;
		};
		E96C90201C537FD400323831 /* Release */ = {
			isa = XCBuildConfiguration;
			buildSettings = {
				INFOPLIST_FILE = "上滑 qqUITests/Info.plist";
				LD_RUNPATH_SEARCH_PATHS = "$(inherited) @executable_path/Frameworks @loader_path/Frameworks";
				PRODUCT_BUNDLE_IDENTIFIER = "beiwoIT.---qqUITests";
				PRODUCT_NAME = "$(TARGET_NAME)";
				TEST_TARGET_NAME = "上滑 qq";
				USES_XCTRUNNER = YES;
			};
			name = Release;
		};
/* End XCBuildConfiguration section */

/* Begin XCConfigurationList section */
		E96C8FE61C537FD300323831 /* Build configuration list for PBXProject "上滑 qq" */ = {
			isa = XCConfigurationList;
			buildConfigurations = (
				E96C90161C537FD400323831 /* Debug */,
				E96C90171C537FD400323831 /* Release */,
			);
			defaultConfigurationIsVisible = 0;
			defaultConfigurationName = Release;
		};
		E96C90181C537FD400323831 /* Build configuration list for PBXNativeTarget "上滑 qq" */ = {
			isa = XCConfigurationList;
			buildConfigurations = (
				E96C90191C537FD400323831 /* Debug */,
				E96C901A1C537FD400323831 /* Release */,
			);
			defaultConfigurationIsVisible = 0;
		};
		E96C901B1C537FD400323831 /* Build configuration list for PBXNativeTarget "上滑 qqTests" */ = {
			isa = XCConfigurationList;
			buildConfigurations = (
				E96C901C1C537FD400323831 /* Debug */,
				E96C901D1C537FD400323831 /* Release */,
			);
			defaultConfigurationIsVisible = 0;
		};
		E96C901E1C537FD400323831 /* Build configuration list for PBXNativeTarget "上滑 qqUITests" */ = {
			isa = XCConfigurationList;
			buildConfigurations = (
				E96C901F1C537FD400323831 /* Debug */,
				E96C90201C537FD400323831 /* Release */,
			);
			defaultConfigurationIsVisible = 0;
		};
/* End XCConfigurationList section */
	};
	rootObject = E96C8FE31C537FD300323831 /* Project object */;
}
